# This file was autogenerated by uv via the following command:
#    uv pip compile backend/requirements.txt --constraint work/current-python-versions.txt --python-version 3.11 --python-platform x86_64-manylinux_2_28 --output-file work/requirements-render.lock
annotated-doc==0.0.5
    # via
    #   -c work/current-python-versions.txt
    #   fastapi
annotated-types==0.8.0
    # via
    #   -c work/current-python-versions.txt
    #   pydantic
anyio==4.15.1
    # via
    #   -c work/current-python-versions.txt
    #   httpx
    #   starlette
    #   watchfiles
certifi==2026.7.22
    # via
    #   -c work/current-python-versions.txt
    #   httpcore
    #   httpx
charset-normalizer==3.5.1
    # via
    #   -c work/current-python-versions.txt
    #   reportlab
click==8.5.0
    # via
    #   -c work/current-python-versions.txt
    #   uvicorn
fastapi==0.141.1
    # via
    #   -c work/current-python-versions.txt
    #   -r backend/requirements.txt
greenlet==3.5.5
    # via sqlalchemy
h11==0.16.0
    # via
    #   -c work/current-python-versions.txt
    #   httpcore
    #   uvicorn
httpcore==1.0.9
    # via
    #   -c work/current-python-versions.txt
    #   httpx
httptools==0.8.0
    # via
    #   -c work/current-python-versions.txt
    #   uvicorn
httpx==0.28.1
    # via
    #   -c work/current-python-versions.txt
    #   -r backend/requirements.txt
idna==3.19
    # via
    #   -c work/current-python-versions.txt
    #   anyio
    #   httpx
numpy==1.26.4
    # via
    #   -c work/current-python-versions.txt
    #   -r backend/requirements.txt
    #   opencv-python-headless
opencv-python-headless==4.11.0.86
    # via
    #   -c work/current-python-versions.txt
    #   -r backend/requirements.txt
packaging==26.3
    # via
    #   -c work/current-python-versions.txt
    #   pytesseract
pillow==12.3.0
    # via
    #   -c work/current-python-versions.txt
    #   -r backend/requirements.txt
    #   pytesseract
    #   reportlab
psycopg==3.3.5
    # via
    #   -c work/current-python-versions.txt
    #   -r backend/requirements.txt
psycopg-binary==3.3.5
    # via
    #   -c work/current-python-versions.txt
    #   psycopg
pydantic==2.13.5
    # via
    #   -c work/current-python-versions.txt
    #   -r backend/requirements.txt
    #   fastapi
pydantic-core==2.46.5
    # via
    #   -c work/current-python-versions.txt
    #   pydantic
pytesseract==0.3.13
    # via
    #   -c work/current-python-versions.txt
    #   -r backend/requirements.txt
python-dotenv==1.2.3
    # via
    #   -c work/current-python-versions.txt
    #   -r backend/requirements.txt
    #   uvicorn
python-multipart==0.0.32
    # via
    #   -c work/current-python-versions.txt
    #   -r backend/requirements.txt
pyyaml==6.0.3
    # via
    #   -c work/current-python-versions.txt
    #   uvicorn
reportlab==5.0.1
    # via
    #   -c work/current-python-versions.txt
    #   -r backend/requirements.txt
sqlalchemy==2.0.52
    # via
    #   -c work/current-python-versions.txt
    #   -r backend/requirements.txt
starlette==1.6.0
    # via
    #   -c work/current-python-versions.txt
    #   fastapi
typing-extensions==4.16.0
    # via
    #   -c work/current-python-versions.txt
    #   anyio
    #   fastapi
    #   psycopg
    #   pydantic
    #   pydantic-core
    #   sqlalchemy
    #   starlette
    #   typing-inspection
typing-inspection==0.4.4
    # via
    #   -c work/current-python-versions.txt
    #   fastapi
    #   pydantic
uvicorn==0.52.4
    # via
    #   -c work/current-python-versions.txt
    #   -r backend/requirements.txt
uvloop==0.22.1
    # via
    #   -c work/current-python-versions.txt
    #   uvicorn
watchfiles==1.2.0
    # via
    #   -c work/current-python-versions.txt
    #   uvicorn
websockets==16.1.1
    # via
    #   -c work/current-python-versions.txt
    #   uvicorn
